
Microsoft Visual Studio Solution File, Format Version 12.00
# Visual Studio Version 17
VisualStudioVersion = 17.9.34902.65
MinimumVisualStudioVersion = 10.0.40219.1
Project("{FAE04EC0-301F-11D3-BF4B-00C04F79EFBC}") = "tryUnit", "tryUnit\tryUnit.csproj", "{CBA3FCDA-42EE-48D3-94D0-4057D7FF2F5A}"
EndProject
Project("{FAE04EC0-301F-11D3-BF4B-00C04F79EFBC}") = "tryUnit.Tests", "tryUnit.Tests\tryUnit.Tests.csproj", "{63980900-CF4D-487C-B304-CB4C9C3C3742}"
EndProject
Global
	GlobalSection(SolutionConfigurationPlatforms) = preSolution
		Debug|Any CPU = Debug|Any CPU
		Release|Any CPU = Release|Any CPU
	EndGlobalSection
	GlobalSection(ProjectConfigurationPlatforms) = postSolution
		{CBA3FCDA-42EE-48D3-94D0-4057D7FF2F5A}.Debug|Any CPU.ActiveCfg = Debug|Any CPU
		{CBA3FCDA-42EE-48D3-94D0-4057D7FF2F5A}.Debug|Any CPU.Build.0 = Debug|Any CPU
		{CBA3FCDA-42EE-48D3-94D0-4057D7FF2F5A}.Release|Any CPU.ActiveCfg = Release|Any CPU
		{CBA3FCDA-42EE-48D3-94D0-4057D7FF2F5A}.Release|Any CPU.Build.0 = Release|Any CPU
		{63980900-CF4D-487C-B304-CB4C9C3C3742}.Debug|Any CPU.ActiveCfg = Debug|Any CPU
		{63980900-CF4D-487C-B304-CB4C9C3C3742}.Debug|Any CPU.Build.0 = Debug|Any CPU
		{63980900-CF4D-487C-B304-CB4C9C3C3742}.Release|Any CPU.ActiveCfg = Release|Any CPU
		{63980900-CF4D-487C-B304-CB4C9C3C3742}.Release|Any CPU.Build.0 = Release|Any CPU
	EndGlobalSection
	GlobalSection(SolutionProperties) = preSolution
		HideSolutionNode = FALSE
	EndGlobalSection
	GlobalSection(ExtensibilityGlobals) = postSolution
		SolutionGuid = {B6426124-73E8-43FE-8333-416CB4A8091C}
	EndGlobalSection
EndGlobal
